// !$*UTF8*$!
{
	archiveVersion = 1;
	classes = {
	};
	objectVersion = 50;
	objects = {

/* Begin PBXBuildFile section */
		6022AAC025E5845D00D715DC /* AppDelegate.swift in Sources */ = {isa = PBXBuildFile; fileRef = 6022AABF25E5845D00D715DC /* AppDelegate.swift */; };
		6022AAC225E5845D00D715DC /* SceneDelegate.swift in Sources */ = {isa = PBXBuildFile; fileRef = 6022AAC125E5845D00D715DC /* SceneDelegate.swift */; };
		6022AAC425E5845D00D715DC /* ViewController.swift in Sources */ = {isa = PBXBuildFile; fileRef = 6022AAC325E5845D00D715DC /* ViewController.swift */; };
		6022AAC725E5845D00D715DC /* Main.storyboard in Resources */ = {isa = PBXBuildFile; fileRef = 6022AAC525E5845D00D715DC /* Main.storyboard */; };
		6022AAC925E5846000D715DC /* Assets.xcassets in Resources */ = {isa = PBXBuildFile; fileRef = 6022AAC825E5846000D715DC /* Assets.xcassets */; };
		6022AACC25E5846000D715DC /* LaunchScreen.storyboard in Resources */ = {isa = PBXBuildFile; fileRef = 6022AACA25E5846000D715DC /* LaunchScreen.storyboard */; };
		6022AAD725E5846000D715DC /* flixsterTests.swift in Sources */ = {isa = PBXBuildFile; fileRef = 6022AAD625E5846000D715DC /* flixsterTests.swift */; };
		6022AAE225E5846000D715DC /* flixsterUITests.swift in Sources */ = {isa = PBXBuildFile; fileRef = 6022AAE125E5846000D715DC /* flixsterUITests.swift */; };
/* End PBXBuildFile section */

/* Begin PBXContainerItemProxy section */
		6022AAD325E5846000D715DC /* PBXContainerItemProxy */ = {
			isa = PBXContainerItemProxy;
			containerPortal = 6022AAB425E5845D00D715DC /* Project object */;
			proxyType = 1;
			remoteGlobalIDString = 6022AABB25E5845D00D715DC;
			remoteInfo = flixster;
		};
		6022AADE25E5846000D715DC /* PBXContainerItemProxy */ = {
			isa = PBXContainerItemProxy;
			containerPortal = 6022AAB425E5845D00D715DC /* Project object */;
			proxyType = 1;
			remoteGlobalIDString = 6022AABB25E5845D00D715DC;
			remoteInfo = flixster;
		};
/* End PBXContainerItemProxy section */

/* Begin PBXFileReference section */
		6022AABC25E5845D00D715DC /* flixster.app */ = {isa = PBXFileReference; explicitFileType = wrapper.application; includeInIndex = 0; path = flixster.app; sourceTree = BUILT_PRODUCTS_DIR; };
		6022AABF25E5845D00D715DC /* AppDelegate.swift */ = {isa = PBXFileReference; lastKnownFileType = sourcecode.swift; path = AppDelegate.swift; sourceTree = "<group>"; };
		6022AAC125E5845D00D715DC /* SceneDelegate.swift */ = {isa = PBXFileReference; lastKnownFileType = sourcecode.swift; path = SceneDelegate.swift; sourceTree = "<group>"; };
		6022AAC325E5845D00D715DC /* ViewController.swift */ = {isa = PBXFileReference; lastKnownFileType = sourcecode.swift; path = ViewController.swift; sourceTree = "<group>"; };
		6022AAC625E5845D00D715DC /* Base */ = {isa = PBXFileReference; lastKnownFileType = file.storyboard; name = Base; path = Base.lproj/Main.storyboard; sourceTree = "<group>"; };
		6022AAC825E5846000D715DC /* Assets.xcassets */ = {isa = PBXFileReference; lastKnownFileType = folder.assetcatalog; path = Assets.xcassets; sourceTree = "<group>"; };
		6022AACB25E5846000D715DC /* Base */ = {isa = PBXFileReference; lastKnownFileType = file.storyboard; name = Base; path = Base.lproj/LaunchScreen.storyboard; sourceTree = "<group>"; };
		6022AACD25E5846000D715DC /* Info.plist */ = {isa = PBXFileReference; lastKnownFileType = text.plist.xml; path = Info.plist; sourceTree = "<group>"; };
		6022AAD225E5846000D715DC /* flixsterTests.xctest */ = {isa = PBXFileReference; explicitFileType = wrapper.cfbundle; includeInIndex = 0; path = flixsterTests.xctest; sourceTree = BUILT_PRODUCTS_DIR; };
		6022AAD625E5846000D715DC /* flixsterTests.swift */ = {isa = PBXFileReference; lastKnownFileType = sourcecode.swift; path = flixsterTests.swift; sourceTree = "<group>"; };
		6022AAD825E5846000D715DC /* Info.plist */ = {isa = PBXFileReference; lastKnownFileType = text.plist.xml; path = Info.plist; sourceTree = "<group>"; };
		6022AADD25E5846000D715DC /* flixsterUITests.xctest */ = {isa = PBXFileReference; explicitFileType = wrapper.cfbundle; includeInIndex = 0; path = flixsterUITests.xctest; sourceTree = BUILT_PRODUCTS_DIR; };
		6022AAE125E5846000D715DC /* flixsterUITests.swift */ = {isa = PBXFileReference; lastKnownFileType = sourcecode.swift; path = flixsterUITests.swift; sourceTree = "<group>"; };
		6022AAE325E5846000D715DC /* Info.plist */ = {isa = PBXFileReference; lastKnownFileType = text.plist.xml; path = Info.plist; sourceTree = "<group>"; };
/* End PBXFileReference section */

/* Begin PBXFrameworksBuildPhase section */
		6022AAB925E5845D00D715DC /* Frameworks */ = {
			isa = PBXFrameworksBuildPhase;
			buildActionMask = 2147483647;
			files = (
			);
			runOnlyForDeploymentPostprocessing = 0;
		};
		6022AACF25E5846000D715DC /* Frameworks */ = {
			isa = PBXFrameworksBuildPhase;
			buildActionMask = 2147483647;
			files = (
			);
			runOnlyForDeploymentPostprocessing = 0;
		};
		6022AADA25E5846000D715DC /* Frameworks */ = {
			isa = PBXFrameworksBuildPhase;
			buildActionMask = 2147483647;
			files = (
			);
			runOnlyForDeploymentPostprocessing = 0;
		};
/* End PBXFrameworksBuildPhase section */

/* Begin PBXGroup section */
		6022AAB325E5845D00D715DC = {
			isa = PBXGroup;
			children = (
				6022AABE25E5845D00D715DC /* flixster */,
				6022AAD525E5846000D715DC /* flixsterTests */,
				6022AAE025E5846000D715DC /* flixsterUITests */,
				6022AABD25E5845D00D715DC /* Products */,
			);
			sourceTree = "<group>";
		};
		6022AABD25E5845D00D715DC /* Products */ = {
			isa = PBXGroup;
			children = (
				6022AABC25E5845D00D715DC /* flixster.app */,
				6022AAD225E5846000D715DC /* flixsterTests.xctest */,
				6022AADD25E5846000D715DC /* flixsterUITests.xctest */,
			);
			name = Products;
			sourceTree = "<group>";
		};
		6022AABE25E5845D00D715DC /* flixster */ = {
			isa = PBXGroup;
			children = (
				6022AABF25E5845D00D715DC /* AppDelegate.swift */,
				6022AAC125E5845D00D715DC /* SceneDelegate.swift */,
				6022AAC325E5845D00D715DC /* ViewController.swift */,
				6022AAC525E5845D00D715DC /* Main.storyboard */,
				6022AAC825E5846000D715DC /* Assets.xcassets */,
				6022AACA25E5846000D715DC /* LaunchScreen.storyboard */,
				6022AACD25E5846000D715DC /* Info.plist */,
			);
			path = flixster;
			sourceTree = "<group>";
		};
		6022AAD525E5846000D715DC /* flixsterTests */ = {
			isa = PBXGroup;
			children = (
				6022AAD625E5846000D715DC /* flixsterTests.swift */,
				6022AAD825E5846000D715DC /* Info.plist */,
			);
			path = flixsterTests;
			sourceTree = "<group>";
		};
		6022AAE025E5846000D715DC /* flixsterUITests */ = {
			isa = PBXGroup;
			children = (
				6022AAE125E5846000D715DC /* flixsterUITests.swift */,
				6022AAE325E5846000D715DC /* Info.plist */,
			);
			path = flixsterUITests;
			sourceTree = "<group>";
		};
/* End PBXGroup section */

/* Begin PBXNativeTarget section */
		6022AABB25E5845D00D715DC /* flixster */ = {
			isa = PBXNativeTarget;
			buildConfigurationList = 6022AAE625E5846000D715DC /* Build configuration list for PBXNativeTarget "flixster" */;
			buildPhases = (
				6022AAB825E5845D00D715DC /* Sources */,
				6022AAB925E5845D00D715DC /* Frameworks */,
				6022AABA25E5845D00D715DC /* Resources */,
			);
			buildRules = (
			);
			dependencies = (
			);
			name = flixster;
			productName = flixster;
			productReference = 6022AABC25E5845D00D715DC /* flixster.app */;
			productType = "com.apple.product-type.application";
		};
		6022AAD125E5846000D715DC /* flixsterTests */ = {
			isa = PBXNativeTarget;
			buildConfigurationList = 6022AAE925E5846000D715DC /* Build configuration list for PBXNativeTarget "flixsterTests" */;
			buildPhases = (
				6022AACE25E5846000D715DC /* Sources */,
				6022AACF25E5846000D715DC /* Frameworks */,
				6022AAD025E5846000D715DC /* Resources */,
			);
			buildRules = (
			);
			dependencies = (
				6022AAD425E5846000D715DC /* PBXTargetDependency */,
			);
			name = flixsterTests;
			productName = flixsterTests;
			productReference = 6022AAD225E5846000D715DC /* flixsterTests.xctest */;
			productType = "com.apple.product-type.bundle.unit-test";
		};
		6022AADC25E5846000D715DC /* flixsterUITests */ = {
			isa = PBXNativeTarget;
			buildConfigurationList = 6022AAEC25E5846000D715DC /* Build configuration list for PBXNativeTarget "flixsterUITests" */;
			buildPhases = (
				6022AAD925E5846000D715DC /* Sources */,
				6022AADA25E5846000D715DC /* Frameworks */,
				6022AADB25E5846000D715DC /* Resources */,
			);
			buildRules = (
			);
			dependencies = (
				6022AADF25E5846000D715DC /* PBXTargetDependency */,
			);
			name = flixsterUITests;
			productName = flixsterUITests;
			productReference = 6022AADD25E5846000D715DC /* flixsterUITests.xctest */;
			productType = "com.apple.product-type.bundle.ui-testing";
		};
/* End PBXNativeTarget section */

/* Begin PBXProject section */
		6022AAB425E5845D00D715DC /* Project object */ = {
			isa = PBXProject;
			attributes = {
				LastSwiftUpdateCheck = 1240;
				LastUpgradeCheck = 1240;
				TargetAttributes = {
					6022AABB25E5845D00D715DC = {
						CreatedOnToolsVersion = 12.4;
					};
					6022AAD125E5846000D715DC = {
						CreatedOnToolsVersion = 12.4;
						TestTargetID = 6022AABB25E5845D00D715DC;
					};
					6022AADC25E5846000D715DC = {
						CreatedOnToolsVersion = 12.4;
						TestTargetID = 6022AABB25E5845D00D715DC;
					};
				};
			};
			buildConfigurationList = 6022AAB725E5845D00D715DC /* Build configuration list for PBXProject "flixster" */;
			compatibilityVersion = "Xcode 9.3";
			developmentRegion = en;
			hasScannedForEncodings = 0;
			knownRegions = (
				en,
				Base,
			);
			mainGroup = 6022AAB325E5845D00D715DC;
			productRefGroup = 6022AABD25E5845D00D715DC /* Products */;
			projectDirPath = "";
			projectRoot = "";
			targets = (
				6022AABB25E5845D00D715DC /* flixster */,
				6022AAD125E5846000D715DC /* flixsterTests */,
				6022AADC25E5846000D715DC /* flixsterUITests */,
			);
		};
/* End PBXProject section */

/* Begin PBXResourcesBuildPhase section */
		6022AABA25E5845D00D715DC /* Resources */ = {
			isa = PBXResourcesBuildPhase;
			buildActionMask = 2147483647;
			files = (
				6022AACC25E5846000D715DC /* LaunchScreen.storyboard in Resources */,
				6022AAC925E5846000D715DC /* Assets.xcassets in Resources */,
				6022AAC725E5845D00D715DC /* Main.storyboard in Resources */,
			);
			runOnlyForDeploymentPostprocessing = 0;
		};
		6022AAD025E5846000D715DC /* Resources */ = {
			isa = PBXResourcesBuildPhase;
			buildActionMask = 2147483647;
			files = (
			);
			runOnlyForDeploymentPostprocessing = 0;
		};
		6022AADB25E5846000D715DC /* Resources */ = {
			isa = PBXResourcesBuildPhase;
			buildActionMask = 2147483647;
			files = (
			);
			runOnlyForDeploymentPostprocessing = 0;
		};
/* End PBXResourcesBuildPhase section */

/* Begin PBXSourcesBuildPhase section */
		6022AAB825E5845D00D715DC /* Sources */ = {
			isa = PBXSourcesBuildPhase;
			buildActionMask = 2147483647;
			files = (
				6022AAC425E5845D00D715DC /* ViewController.swift in Sources */,
				6022AAC025E5845D00D715DC /* AppDelegate.swift in Sources */,
				6022AAC225E5845D00D715DC /* SceneDelegate.swift in Sources */,
			);
			runOnlyForDeploymentPostprocessing = 0;
		};
		6022AACE25E5846000D715DC /* Sources */ = {
			isa = PBXSourcesBuildPhase;
			buildActionMask = 2147483647;
			files = (
				6022AAD725E5846000D715DC /* flixsterTests.swift in Sources */,
			);
			runOnlyForDeploymentPostprocessing = 0;
		};
		6022AAD925E5846000D715DC /* Sources */ = {
			isa = PBXSourcesBuildPhase;
			buildActionMask = 2147483647;
			files = (
				6022AAE225E5846000D715DC /* flixsterUITests.swift in Sources */,
			);
			runOnlyForDeploymentPostprocessing = 0;
		};
/* End PBXSourcesBuildPhase section */

/* Begin PBXTargetDependency section */
		6022AAD425E5846000D715DC /* PBXTargetDependency */ = {
			isa = PBXTargetDependency;
			target = 6022AABB25E5845D00D715DC /* flixster */;
			targetProxy = 6022AAD325E5846000D715DC /* PBXContainerItemProxy */;
		};
		6022AADF25E5846000D715DC /* PBXTargetDependency */ = {
			isa = PBXTargetDependency;
			target = 6022AABB25E5845D00D715DC /* flixster */;
			targetProxy = 6022AADE25E5846000D715DC /* PBXContainerItemProxy */;
		};
/* End PBXTargetDependency section */

/* Begin PBXVariantGroup section */
		6022AAC525E5845D00D715DC /* Main.storyboard */ = {
			isa = PBXVariantGroup;
			children = (
				6022AAC625E5845D00D715DC /* Base */,
			);
			name = Main.storyboard;
			sourceTree = "<group>";
		};
		6022AACA25E5846000D715DC /* LaunchScreen.storyboard */ = {
			isa = PBXVariantGroup;
			children = (
				6022AACB25E5846000D715DC /* Base */,
			);
			name = LaunchScreen.storyboard;
			sourceTree = "<group>";
		};
/* End PBXVariantGroup section */

/* Begin XCBuildConfiguration section */
		6022AAE425E5846000D715DC /* Debug */ = {
			isa = XCBuildConfiguration;
			buildSettings = {
				ALWAYS_SEARCH_USER_PATHS = NO;
				CLANG_ANALYZER_NONNULL = YES;
				CLANG_ANALYZER_NUMBER_OBJECT_CONVERSION = YES_AGGRESSIVE;
				CLANG_CXX_LANGUAGE_STANDARD = "gnu++14";
				CLANG_CXX_LIBRARY = "libc++";
				CLANG_ENABLE_MODULES = YES;
				CLANG_ENABLE_OBJC_ARC = YES;
				CLANG_ENABLE_OBJC_WEAK = YES;
				CLANG_WARN_BLOCK_CAPTURE_AUTORELEASING = YES;
				CLANG_WARN_BOOL_CONVERSION = YES;
				CLANG_WARN_COMMA = YES;
				CLANG_WARN_CONSTANT_CONVERSION = YES;
				CLANG_WARN_DEPRECATED_OBJC_IMPLEMENTATIONS = YES;
				CLANG_WARN_DIRECT_OBJC_ISA_USAGE = YES_ERROR;
				CLANG_WARN_DOCUMENTATION_COMMENTS = YES;
				CLANG_WARN_EMPTY_BODY = YES;
				CLANG_WARN_ENUM_CONVERSION = YES;
				CLANG_WARN_INFINITE_RECURSION = YES;
				CLANG_WARN_INT_CONVERSION = YES;
				CLANG_WARN_NON_LITERAL_NULL_CONVERSION = YES;
				CLANG_WARN_OBJC_IMPLICIT_RETAIN_SELF = YES;
				CLANG_WARN_OBJC_LITERAL_CONVERSION = YES;
				CLANG_WARN_OBJC_ROOT_CLASS = YES_ERROR;
				CLANG_WARN_QUOTED_INCLUDE_IN_FRAMEWORK_HEADER = YES;
				CLANG_WARN_RANGE_LOOP_ANALYSIS = YES;
				CLANG_WARN_STRICT_PROTOTYPES = YES;
				CLANG_WARN_SUSPICIOUS_MOVE = YES;
				CLANG_WARN_UNGUARDED_AVAILABILITY = YES_AGGRESSIVE;
				CLANG_WARN_UNREACHABLE_CODE = YES;
				CLANG_WARN__DUPLICATE_METHOD_MATCH = YES;
				COPY_PHASE_STRIP = NO;
				DEBUG_INFORMATION_FORMAT = dwarf;
				ENABLE_STRICT_OBJC_MSGSEND = YES;
				ENABLE_TESTABILITY = YES;
				GCC_C_LANGUAGE_STANDARD = gnu11;
				GCC_DYNAMIC_NO_PIC = NO;
				GCC_NO_COMMON_BLOCKS = YES;
				GCC_OPTIMIZATION_LEVEL = 0;
				GCC_PREPROCESSOR_DEFINITIONS = (
					"DEBUG=1",
					"$(inherited)",
				);
				GCC_WARN_64_TO_32_BIT_CONVERSION = YES;
				GCC_WARN_ABOUT_RETURN_TYPE = YES_ERROR;
				GCC_WARN_UNDECLARED_SELECTOR = YES;
				GCC_WARN_UNINITIALIZED_AUTOS = YES_AGGRESSIVE;
				GCC_WARN_UNUSED_FUNCTION = YES;
				GCC_WARN_UNUSED_VARIABLE = YES;
				IPHONEOS_DEPLOYMENT_TARGET = 14.4;
				MTL_ENABLE_DEBUG_INFO = INCLUDE_SOURCE;
				MTL_FAST_MATH = YES;
				ONLY_ACTIVE_ARCH = YES;
				SDKROOT = iphoneos;
				SWIFT_ACTIVE_COMPILATION_CONDITIONS = DEBUG;
				SWIFT_OPTIMIZATION_LEVEL = "-Onone";
			};
			name = Debug;
		};
		6022AAE525E5846000D715DC /* Release */ = {
			isa = XCBuildConfiguration;
			buildSettings = {
				ALWAYS_SEARCH_USER_PATHS = NO;
				CLANG_ANALYZER_NONNULL = YES;
				CLANG_ANALYZER_NUMBER_OBJECT_CONVERSION = YES_AGGRESSIVE;
				CLANG_CXX_LANGUAGE_STANDARD = "gnu++14";
				CLANG_CXX_LIBRARY = "libc++";
				CLANG_ENABLE_MODULES = YES;
				CLANG_ENABLE_OBJC_ARC = YES;
				CLANG_ENABLE_OBJC_WEAK = YES;
				CLANG_WARN_BLOCK_CAPTURE_AUTORELEASING = YES;
				CLANG_WARN_BOOL_CONVERSION = YES;
				CLANG_WARN_COMMA = YES;
				CLANG_WARN_CONSTANT_CONVERSION = YES;
				CLANG_WARN_DEPRECATED_OBJC_IMPLEMENTATIONS = YES;
				CLANG_WARN_DIRECT_OBJC_ISA_USAGE = YES_ERROR;
				CLANG_WARN_DOCUMENTATION_COMMENTS = YES;
				CLANG_WARN_EMPTY_BODY = YES;
				CLANG_WARN_ENUM_CONVERSION = YES;
				CLANG_WARN_INFINITE_RECURSION = YES;
				CLANG_WARN_INT_CONVERSION = YES;
				CLANG_WARN_NON_LITERAL_NULL_CONVERSION = YES;
				CLANG_WARN_OBJC_IMPLICIT_RETAIN_SELF = YES;
				CLANG_WARN_OBJC_LITERAL_CONVERSION = YES;
				CLANG_WARN_OBJC_ROOT_CLASS = YES_ERROR;
				CLANG_WARN_QUOTED_INCLUDE_IN_FRAMEWORK_HEADER = YES;
				CLANG_WARN_RANGE_LOOP_ANALYSIS = YES;
				CLANG_WARN_STRICT_PROTOTYPES = YES;
				CLANG_WARN_SUSPICIOUS_MOVE = YES;
				CLANG_WARN_UNGUARDED_AVAILABILITY = YES_AGGRESSIVE;
				CLANG_WARN_UNREACHABLE_CODE = YES;
				CLANG_WARN__DUPLICATE_METHOD_MATCH = YES;
				COPY_PHASE_STRIP = NO;
				DEBUG_INFORMATION_FORMAT = "dwarf-with-dsym";
				ENABLE_NS_ASSERTIONS = NO;
				ENABLE_STRICT_OBJC_MSGSEND = YES;
				GCC_C_LANGUAGE_STANDARD = gnu11;
				GCC_NO_COMMON_BLOCKS = YES;
				GCC_WARN_64_TO_32_BIT_CONVERSION = YES;
				GCC_WARN_ABOUT_RETURN_TYPE = YES_ERROR;
				GCC_WARN_UNDECLARED_SELECTOR = YES;
				GCC_WARN_UNINITIALIZED_AUTOS = YES_AGGRESSIVE;
				GCC_WARN_UNUSED_FUNCTION = YES;
				GCC_WARN_UNUSED_VARIABLE = YES;
				IPHONEOS_DEPLOYMENT_TARGET = 14.4;
				MTL_ENABLE_DEBUG_INFO = NO;
				MTL_FAST_MATH = YES;
				SDKROOT = iphoneos;
				SWIFT_COMPILATION_MODE = wholemodule;
				SWIFT_OPTIMIZATION_LEVEL = "-O";
				VALIDATE_PRODUCT = YES;
			};
			name = Release;
		};
		6022AAE725E5846000D715DC /* Debug */ = {
			isa = XCBuildConfiguration;
			buildSettings = {
				ASSETCATALOG_COMPILER_APPICON_NAME = AppIcon;
				ASSETCATALOG_COMPILER_GLOBAL_ACCENT_COLOR_NAME = AccentColor;
				CODE_SIGN_STYLE = Automatic;
				INFOPLIST_FILE = flixster/Info.plist;
				LD_RUNPATH_SEARCH_PATHS = (
					"$(inherited)",
					"@executable_path/Frameworks",
				);
				PRODUCT_BUNDLE_IDENTIFIER = "kylechen0127-gmail.com.flixster";
				PRODUCT_NAME = "$(TARGET_NAME)";
				SWIFT_VERSION = 5.0;
				TARGETED_DEVICE_FAMILY = "1,2";
			};
			name = Debug;
		};
		6022AAE825E5846000D715DC /* Release */ = {
			isa = XCBuildConfiguration;
			buildSettings = {
				ASSETCATALOG_COMPILER_APPICON_NAME = AppIcon;
				ASSETCATALOG_COMPILER_GLOBAL_ACCENT_COLOR_NAME = AccentColor;
				CODE_SIGN_STYLE = Automatic;
				INFOPLIST_FILE = flixster/Info.plist;
				LD_RUNPATH_SEARCH_PATHS = (
					"$(inherited)",
					"@executable_path/Frameworks",
				);
				PRODUCT_BUNDLE_IDENTIFIER = "kylechen0127-gmail.com.flixster";
				PRODUCT_NAME = "$(TARGET_NAME)";
				SWIFT_VERSION = 5.0;
				TARGETED_DEVICE_FAMILY = "1,2";
			};
			name = Release;
		};
		6022AAEA25E5846000D715DC /* Debug */ = {
			isa = XCBuildConfiguration;
			buildSettings = {
				ALWAYS_EMBED_SWIFT_STANDARD_LIBRARIES = YES;
				BUNDLE_LOADER = "$(TEST_HOST)";
				CODE_SIGN_STYLE = Automatic;
				INFOPLIST_FILE = flixsterTests/Info.plist;
				IPHONEOS_DEPLOYMENT_TARGET = 14.4;
				LD_RUNPATH_SEARCH_PATHS = (
					"$(inherited)",
					"@executable_path/Frameworks",
					"@loader_path/Frameworks",
				);
				PRODUCT_BUNDLE_IDENTIFIER = "kylechen0127-gmail.com.flixsterTests";
				PRODUCT_NAME = "$(TARGET_NAME)";
				SWIFT_VERSION = 5.0;
				TARGETED_DEVICE_FAMILY = "1,2";
				TEST_HOST = "$(BUILT_PRODUCTS_DIR)/flixster.app/flixster";
			};
			name = Debug;
		};
		6022AAEB25E5846000D715DC /* Release */ = {
			isa = XCBuildConfiguration;
			buildSettings = {
				ALWAYS_EMBED_SWIFT_STANDARD_LIBRARIES = YES;
				BUNDLE_LOADER = "$(TEST_HOST)";
				CODE_SIGN_STYLE = Automatic;
				INFOPLIST_FILE = flixsterTests/Info.plist;
				IPHONEOS_DEPLOYMENT_TARGET = 14.4;
				LD_RUNPATH_SEARCH_PATHS = (
					"$(inherited)",
					"@executable_path/Frameworks",
					"@loader_path/Frameworks",
				);
				PRODUCT_BUNDLE_IDENTIFIER = "kylechen0127-gmail.com.flixsterTests";
				PRODUCT_NAME = "$(TARGET_NAME)";
				SWIFT_VERSION = 5.0;
				TARGETED_DEVICE_FAMILY = "1,2";
				TEST_HOST = "$(BUILT_PRODUCTS_DIR)/flixster.app/flixster";
			};
			name = Release;
		};
		6022AAED25E5846000D715DC /* Debug */ = {
			isa = XCBuildConfiguration;
			buildSettings = {
				ALWAYS_EMBED_SWIFT_STANDARD_LIBRARIES = YES;
				CODE_SIGN_STYLE = Automatic;
				INFOPLIST_FILE = flixsterUITests/Info.plist;
				LD_RUNPATH_SEARCH_PATHS = (
					"$(inherited)",
					"@executable_path/Frameworks",
					"@loader_path/Frameworks",
				);
				PRODUCT_BUNDLE_IDENTIFIER = "kylechen0127-gmail.com.flixsterUITests";
				PRODUCT_NAME = "$(TARGET_NAME)";
				SWIFT_VERSION = 5.0;
				TARGETED_DEVICE_FAMILY = "1,2";
				TEST_TARGET_NAME = flixster;
			};
			name = Debug;
		};
		6022AAEE25E5846000D715DC /* Release */ = {
			isa = XCBuildConfiguration;
			buildSettings = {
				ALWAYS_EMBED_SWIFT_STANDARD_LIBRARIES = YES;
				CODE_SIGN_STYLE = Automatic;
				INFOPLIST_FILE = flixsterUITests/Info.plist;
				LD_RUNPATH_SEARCH_PATHS = (
					"$(inherited)",
					"@executable_path/Frameworks",
					"@loader_path/Frameworks",
				);
				PRODUCT_BUNDLE_IDENTIFIER = "kylechen0127-gmail.com.flixsterUITests";
				PRODUCT_NAME = "$(TARGET_NAME)";
				SWIFT_VERSION = 5.0;
				TARGETED_DEVICE_FAMILY = "1,2";
				TEST_TARGET_NAME = flixster;
			};
			name = Release;
		};
/* End XCBuildConfiguration section */

/* Begin XCConfigurationList section */
		6022AAB725E5845D00D715DC /* Build configuration list for PBXProject "flixster" */ = {
			isa = XCConfigurationList;
			buildConfigurations = (
				6022AAE425E5846000D715DC /* Debug */,
				6022AAE525E5846000D715DC /* Release */,
			);
			defaultConfigurationIsVisible = 0;
			defaultConfigurationName = Release;
		};
		6022AAE625E5846000D715DC /* Build configuration list for PBXNativeTarget "flixster" */ = {
			isa = XCConfigurationList;
			buildConfigurations = (
				6022AAE725E5846000D715DC /* Debug */,
				6022AAE825E5846000D715DC /* Release */,
			);
			defaultConfigurationIsVisible = 0;
			defaultConfigurationName = Release;
		};
		6022AAE925E5846000D715DC /* Build configuration list for PBXNativeTarget "flixsterTests" */ = {
			isa = XCConfigurationList;
			buildConfigurations = (
				6022AAEA25E5846000D715DC /* Debug */,
				6022AAEB25E5846000D715DC /* Release */,
			);
			defaultConfigurationIsVisible = 0;
			defaultConfigurationName = Release;
		};
		6022AAEC25E5846000D715DC /* Build configuration list for PBXNativeTarget "flixsterUITests" */ = {
			isa = XCConfigurationList;
			buildConfigurations = (
				6022AAED25E5846000D715DC /* Debug */,
				6022AAEE25E5846000D715DC /* Release */,
			);
			defaultConfigurationIsVisible = 0;
			defaultConfigurationName = Release;
		};
/* End XCConfigurationList section */
	};
	rootObject = 6022AAB425E5845D00D715DC /* Project object */;
}
